
Microsoft Visual Studio Solution File, Format Version 12.00
# Visual Studio Version 17
VisualStudioVersion = 17.7.34009.444
MinimumVisualStudioVersion = 10.0.40219.1
Project("{FAE04EC0-301F-11D3-BF4B-00C04F79EFBC}") = "ex03", "ex03.csproj", "{F843DF7C-5497-4011-8045-8176816AAEE1}"
EndProject
Global
	GlobalSection(SolutionConfigurationPlatforms) = preSolution
		Debug|Any CPU = Debug|Any CPU
		Release|Any CPU = Release|Any CPU
	EndGlobalSection
	GlobalSection(ProjectConfigurationPlatforms) = postSolution
		{F843DF7C-5497-4011-8045-8176816AAEE1}.Debug|Any CPU.ActiveCfg = Debug|Any CPU
		{F843DF7C-5497-4011-8045-8176816AAEE1}.Debug|Any CPU.Build.0 = Debug|Any CPU
		{F843DF7C-5497-4011-8045-8176816AAEE1}.Release|Any CPU.ActiveCfg = Release|Any CPU
		{F843DF7C-5497-4011-8045-8176816AAEE1}.Release|Any CPU.Build.0 = Release|Any CPU
	EndGlobalSection
	GlobalSection(SolutionProperties) = preSolution
		HideSolutionNode = FALSE
	EndGlobalSection
	GlobalSection(ExtensibilityGlobals) = postSolution
		SolutionGuid = {A82C9C0F-C86C-46E5-B480-ACEFDB2747E0}
	EndGlobalSection
EndGlobal
