
Microsoft Visual Studio Solution File, Format Version 12.00
# Visual Studio Version 17
VisualStudioVersion = 17.7.34009.444
MinimumVisualStudioVersion = 10.0.40219.1
Project("{FAE04EC0-301F-11D3-BF4B-00C04F79EFBC}") = "ex07", "ex07.csproj", "{1F41D1E0-67B3-4CAF-9E8A-1F4D4CED4379}"
EndProject
Global
	GlobalSection(SolutionConfigurationPlatforms) = preSolution
		Debug|Any CPU = Debug|Any CPU
		Release|Any CPU = Release|Any CPU
	EndGlobalSection
	GlobalSection(ProjectConfigurationPlatforms) = postSolution
		{1F41D1E0-67B3-4CAF-9E8A-1F4D4CED4379}.Debug|Any CPU.ActiveCfg = Debug|Any CPU
		{1F41D1E0-67B3-4CAF-9E8A-1F4D4CED4379}.Debug|Any CPU.Build.0 = Debug|Any CPU
		{1F41D1E0-67B3-4CAF-9E8A-1F4D4CED4379}.Release|Any CPU.ActiveCfg = Release|Any CPU
		{1F41D1E0-67B3-4CAF-9E8A-1F4D4CED4379}.Release|Any CPU.Build.0 = Release|Any CPU
	EndGlobalSection
	GlobalSection(SolutionProperties) = preSolution
		HideSolutionNode = FALSE
	EndGlobalSection
	GlobalSection(ExtensibilityGlobals) = postSolution
		SolutionGuid = {0E9E3580-7969-4965-A4A0-07382BA66D6D}
	EndGlobalSection
EndGlobal
