
Microsoft Visual Studio Solution File, Format Version 12.00
# Visual Studio Version 17
VisualStudioVersion = 17.7.34009.444
MinimumVisualStudioVersion = 10.0.40219.1
Project("{FAE04EC0-301F-11D3-BF4B-00C04F79EFBC}") = "ex04", "ex04.csproj", "{38939575-B8F8-4085-9A0E-DE3547D5A3F1}"
EndProject
Global
	GlobalSection(SolutionConfigurationPlatforms) = preSolution
		Debug|Any CPU = Debug|Any CPU
		Release|Any CPU = Release|Any CPU
	EndGlobalSection
	GlobalSection(ProjectConfigurationPlatforms) = postSolution
		{38939575-B8F8-4085-9A0E-DE3547D5A3F1}.Debug|Any CPU.ActiveCfg = Debug|Any CPU
		{38939575-B8F8-4085-9A0E-DE3547D5A3F1}.Debug|Any CPU.Build.0 = Debug|Any CPU
		{38939575-B8F8-4085-9A0E-DE3547D5A3F1}.Release|Any CPU.ActiveCfg = Release|Any CPU
		{38939575-B8F8-4085-9A0E-DE3547D5A3F1}.Release|Any CPU.Build.0 = Release|Any CPU
	EndGlobalSection
	GlobalSection(SolutionProperties) = preSolution
		HideSolutionNode = FALSE
	EndGlobalSection
	GlobalSection(ExtensibilityGlobals) = postSolution
		SolutionGuid = {FB62D2F9-B31C-4B88-A6EE-B979ACA69806}
	EndGlobalSection
EndGlobal
